
Microsoft Visual Studio Solution File, Format Version 12.00
# Visual Studio Version 17
VisualStudioVersion = 17.3.32922.545
MinimumVisualStudioVersion = 10.0.40219.1
Project("{9A19103F-16F7-4668-BE54-9A1E7A4F7556}") = "dotNetClassGeneration", "dotNetClassGeneration\dotNetClassGeneration.csproj", "{8304FA1A-3CD7-4A12-BF28-FD612388374A}"
EndProject
Project("{2150E333-8FDC-42A3-9474-1A3956D46DE8}") = "Domain", "Domain", "{2346DB4A-79A1-478A-B151-B279B4113B68}"
EndProject
Project("{2150E333-8FDC-42A3-9474-1A3956D46DE8}") = "Application", "Application", "{1BAA5C20-00CE-470C-8BBE-BC312BD4FD9B}"
EndProject
Project("{2150E333-8FDC-42A3-9474-1A3956D46DE8}") = "infrastructure", "infrastructure", "{04CA6763-6BB4-4445-8B3B-18A45976E6E0}"
EndProject
Project("{2150E333-8FDC-42A3-9474-1A3956D46DE8}") = "Web", "Web", "{F1ED1847-A38D-4BA0-958F-A774415BAC79}"
EndProject
Project("{9A19103F-16F7-4668-BE54-9A1E7A4F7556}") = "Cve.Net.Search.Domain.Database", "Domain\Cve.Net.Search.Domain.Database\Cve.Net.Search.Domain.Database.csproj", "{CF1A54C0-E950-44DE-9D27-128CA921D2FB}"
EndProject
Project("{9A19103F-16F7-4668-BE54-9A1E7A4F7556}") = "Cve.Net.Search.Domain.ViewModels", "Domain\Cve.Net.Search.Domain.ViewModels\Cve.Net.Search.Domain.ViewModels.csproj", "{76D82446-32FB-445E-AF07-9FAFACE490E6}"
EndProject
Project("{9A19103F-16F7-4668-BE54-9A1E7A4F7556}") = "Cve.Net.Search.Application", "Application\Cve.Net.Search.Application\Cve.Net.Search.Application.csproj", "{EE4D71D0-26B4-494A-A3A4-6850B32A4303}"
EndProject
Project("{9A19103F-16F7-4668-BE54-9A1E7A4F7556}") = "Cve.Net.Search.Infrastructure", "Infrastructure\Cve.Net.Search.Infrastructure\Cve.Net.Search.Infrastructure.csproj", "{6ED173AD-E8B2-47F2-A191-73EFA95D37DD}"
EndProject
Project("{9A19103F-16F7-4668-BE54-9A1E7A4F7556}") = "Cve.Net.Search.Web", "Web\Cve.Net.Search.Web\Cve.Net.Search.Web.csproj", "{D623127A-B19E-4518-A9C5-8107C0964212}"
EndProject
Project("{9A19103F-16F7-4668-BE54-9A1E7A4F7556}") = "Cve.Net.Search.Domain.Common", "Domain\Cve.Net.Search.Domain.Common\Cve.Net.Search.Domain.Common.csproj", "{7B7ABBD7-5D5D-4DA6-A5AB-7DE9A747347C}"
EndProject
Global
	GlobalSection(SolutionConfigurationPlatforms) = preSolution
		Debug|Any CPU = Debug|Any CPU
		Debug|ARM = Debug|ARM
		Debug|ARM64 = Debug|ARM64
		Debug|x64 = Debug|x64
		Debug|x86 = Debug|x86
		Release|Any CPU = Release|Any CPU
		Release|ARM = Release|ARM
		Release|ARM64 = Release|ARM64
		Release|x64 = Release|x64
		Release|x86 = Release|x86
	EndGlobalSection
	GlobalSection(ProjectConfigurationPlatforms) = postSolution
		{8304FA1A-3CD7-4A12-BF28-FD612388374A}.Debug|Any CPU.ActiveCfg = Debug|Any CPU
		{8304FA1A-3CD7-4A12-BF28-FD612388374A}.Debug|Any CPU.Build.0 = Debug|Any CPU
		{8304FA1A-3CD7-4A12-BF28-FD612388374A}.Debug|ARM.ActiveCfg = Debug|Any CPU
		{8304FA1A-3CD7-4A12-BF28-FD612388374A}.Debug|ARM.Build.0 = Debug|Any CPU
		{8304FA1A-3CD7-4A12-BF28-FD612388374A}.Debug|ARM64.ActiveCfg = Debug|Any CPU
		{8304FA1A-3CD7-4A12-BF28-FD612388374A}.Debug|ARM64.Build.0 = Debug|Any CPU
		{8304FA1A-3CD7-4A12-BF28-FD612388374A}.Debug|x64.ActiveCfg = Debug|Any CPU
		{8304FA1A-3CD7-4A12-BF28-FD612388374A}.Debug|x64.Build.0 = Debug|Any CPU
		{8304FA1A-3CD7-4A12-BF28-FD612388374A}.Debug|x86.ActiveCfg = Debug|Any CPU
		{8304FA1A-3CD7-4A12-BF28-FD612388374A}.Debug|x86.Build.0 = Debug|Any CPU
		{8304FA1A-3CD7-4A12-BF28-FD612388374A}.Release|Any CPU.ActiveCfg = Release|Any CPU
		{8304FA1A-3CD7-4A12-BF28-FD612388374A}.Release|Any CPU.Build.0 = Release|Any CPU
		{8304FA1A-3CD7-4A12-BF28-FD612388374A}.Release|ARM.ActiveCfg = Release|Any CPU
		{8304FA1A-3CD7-4A12-BF28-FD612388374A}.Release|ARM.Build.0 = Release|Any CPU
		{8304FA1A-3CD7-4A12-BF28-FD612388374A}.Release|ARM64.ActiveCfg = Release|Any CPU
		{8304FA1A-3CD7-4A12-BF28-FD612388374A}.Release|ARM64.Build.0 = Release|Any CPU
		{8304FA1A-3CD7-4A12-BF28-FD612388374A}.Release|x64.ActiveCfg = Release|Any CPU
		{8304FA1A-3CD7-4A12-BF28-FD612388374A}.Release|x64.Build.0 = Release|Any CPU
		{8304FA1A-3CD7-4A12-BF28-FD612388374A}.Release|x86.ActiveCfg = Release|Any CPU
		{8304FA1A-3CD7-4A12-BF28-FD612388374A}.Release|x86.Build.0 = Release|Any CPU
		{CF1A54C0-E950-44DE-9D27-128CA921D2FB}.Debug|Any CPU.ActiveCfg = Debug|Any CPU
		{CF1A54C0-E950-44DE-9D27-128CA921D2FB}.Debug|Any CPU.Build.0 = Debug|Any CPU
		{CF1A54C0-E950-44DE-9D27-128CA921D2FB}.Debug|ARM.ActiveCfg = Debug|Any CPU
		{CF1A54C0-E950-44DE-9D27-128CA921D2FB}.Debug|ARM.Build.0 = Debug|Any CPU
		{CF1A54C0-E950-44DE-9D27-128CA921D2FB}.Debug|ARM64.ActiveCfg = Debug|Any CPU
		{CF1A54C0-E950-44DE-9D27-128CA921D2FB}.Debug|ARM64.Build.0 = Debug|Any CPU
		{CF1A54C0-E950-44DE-9D27-128CA921D2FB}.Debug|x64.ActiveCfg = Debug|Any CPU
		{CF1A54C0-E950-44DE-9D27-128CA921D2FB}.Debug|x64.Build.0 = Debug|Any CPU
		{CF1A54C0-E950-44DE-9D27-128CA921D2FB}.Debug|x86.ActiveCfg = Debug|Any CPU
		{CF1A54C0-E950-44DE-9D27-128CA921D2FB}.Debug|x86.Build.0 = Debug|Any CPU
		{CF1A54C0-E950-44DE-9D27-128CA921D2FB}.Release|Any CPU.ActiveCfg = Release|Any CPU
		{CF1A54C0-E950-44DE-9D27-128CA921D2FB}.Release|Any CPU.Build.0 = Release|Any CPU
		{CF1A54C0-E950-44DE-9D27-128CA921D2FB}.Release|ARM.ActiveCfg = Release|Any CPU
		{CF1A54C0-E950-44DE-9D27-128CA921D2FB}.Release|ARM.Build.0 = Release|Any CPU
		{CF1A54C0-E950-44DE-9D27-128CA921D2FB}.Release|ARM64.ActiveCfg = Release|Any CPU
		{CF1A54C0-E950-44DE-9D27-128CA921D2FB}.Release|ARM64.Build.0 = Release|Any CPU
		{CF1A54C0-E950-44DE-9D27-128CA921D2FB}.Release|x64.ActiveCfg = Release|Any CPU
		{CF1A54C0-E950-44DE-9D27-128CA921D2FB}.Release|x64.Build.0 = Release|Any CPU
		{CF1A54C0-E950-44DE-9D27-128CA921D2FB}.Release|x86.ActiveCfg = Release|Any CPU
		{CF1A54C0-E950-44DE-9D27-128CA921D2FB}.Release|x86.Build.0 = Release|Any CPU
		{76D82446-32FB-445E-AF07-9FAFACE490E6}.Debug|Any CPU.ActiveCfg = Debug|Any CPU
		{76D82446-32FB-445E-AF07-9FAFACE490E6}.Debug|Any CPU.Build.0 = Debug|Any CPU
		{76D82446-32FB-445E-AF07-9FAFACE490E6}.Debug|ARM.ActiveCfg = Debug|Any CPU
		{76D82446-32FB-445E-AF07-9FAFACE490E6}.Debug|ARM.Build.0 = Debug|Any CPU
		{76D82446-32FB-445E-AF07-9FAFACE490E6}.Debug|ARM64.ActiveCfg = Debug|Any CPU
		{76D82446-32FB-445E-AF07-9FAFACE490E6}.Debug|ARM64.Build.0 = Debug|Any CPU
		{76D82446-32FB-445E-AF07-9FAFACE490E6}.Debug|x64.ActiveCfg = Debug|Any CPU
		{76D82446-32FB-445E-AF07-9FAFACE490E6}.Debug|x64.Build.0 = Debug|Any CPU
		{76D82446-32FB-445E-AF07-9FAFACE490E6}.Debug|x86.ActiveCfg = Debug|Any CPU
		{76D82446-32FB-445E-AF07-9FAFACE490E6}.Debug|x86.Build.0 = Debug|Any CPU
		{76D82446-32FB-445E-AF07-9FAFACE490E6}.Release|Any CPU.ActiveCfg = Release|Any CPU
		{76D82446-32FB-445E-AF07-9FAFACE490E6}.Release|Any CPU.Build.0 = Release|Any CPU
		{76D82446-32FB-445E-AF07-9FAFACE490E6}.Release|ARM.ActiveCfg = Release|Any CPU
		{76D82446-32FB-445E-AF07-9FAFACE490E6}.Release|ARM.Build.0 = Release|Any CPU
		{76D82446-32FB-445E-AF07-9FAFACE490E6}.Release|ARM64.ActiveCfg = Release|Any CPU
		{76D82446-32FB-445E-AF07-9FAFACE490E6}.Release|ARM64.Build.0 = Release|Any CPU
		{76D82446-32FB-445E-AF07-9FAFACE490E6}.Release|x64.ActiveCfg = Release|Any CPU
		{76D82446-32FB-445E-AF07-9FAFACE490E6}.Release|x64.Build.0 = Release|Any CPU
		{76D82446-32FB-445E-AF07-9FAFACE490E6}.Release|x86.ActiveCfg = Release|Any CPU
		{76D82446-32FB-445E-AF07-9FAFACE490E6}.Release|x86.Build.0 = Release|Any CPU
		{EE4D71D0-26B4-494A-A3A4-6850B32A4303}.Debug|Any CPU.ActiveCfg = Debug|Any CPU
		{EE4D71D0-26B4-494A-A3A4-6850B32A4303}.Debug|Any CPU.Build.0 = Debug|Any CPU
		{EE4D71D0-26B4-494A-A3A4-6850B32A4303}.Debug|ARM.ActiveCfg = Debug|Any CPU
		{EE4D71D0-26B4-494A-A3A4-6850B32A4303}.Debug|ARM.Build.0 = Debug|Any CPU
		{EE4D71D0-26B4-494A-A3A4-6850B32A4303}.Debug|ARM64.ActiveCfg = Debug|Any CPU
		{EE4D71D0-26B4-494A-A3A4-6850B32A4303}.Debug|ARM64.Build.0 = Debug|Any CPU
		{EE4D71D0-26B4-494A-A3A4-6850B32A4303}.Debug|x64.ActiveCfg = Debug|Any CPU
		{EE4D71D0-26B4-494A-A3A4-6850B32A4303}.Debug|x64.Build.0 = Debug|Any CPU
		{EE4D71D0-26B4-494A-A3A4-6850B32A4303}.Debug|x86.ActiveCfg = Debug|Any CPU
		{EE4D71D0-26B4-494A-A3A4-6850B32A4303}.Debug|x86.Build.0 = Debug|Any CPU
		{EE4D71D0-26B4-494A-A3A4-6850B32A4303}.Release|Any CPU.ActiveCfg = Release|Any CPU
		{EE4D71D0-26B4-494A-A3A4-6850B32A4303}.Release|Any CPU.Build.0 = Release|Any CPU
		{EE4D71D0-26B4-494A-A3A4-6850B32A4303}.Release|ARM.ActiveCfg = Release|Any CPU
		{EE4D71D0-26B4-494A-A3A4-6850B32A4303}.Release|ARM.Build.0 = Release|Any CPU
		{EE4D71D0-26B4-494A-A3A4-6850B32A4303}.Release|ARM64.ActiveCfg = Release|Any CPU
		{EE4D71D0-26B4-494A-A3A4-6850B32A4303}.Release|ARM64.Build.0 = Release|Any CPU
		{EE4D71D0-26B4-494A-A3A4-6850B32A4303}.Release|x64.ActiveCfg = Release|Any CPU
		{EE4D71D0-26B4-494A-A3A4-6850B32A4303}.Release|x64.Build.0 = Release|Any CPU
		{EE4D71D0-26B4-494A-A3A4-6850B32A4303}.Release|x86.ActiveCfg = Release|Any CPU
		{EE4D71D0-26B4-494A-A3A4-6850B32A4303}.Release|x86.Build.0 = Release|Any CPU
		{6ED173AD-E8B2-47F2-A191-73EFA95D37DD}.Debug|Any CPU.ActiveCfg = Debug|Any CPU
		{6ED173AD-E8B2-47F2-A191-73EFA95D37DD}.Debug|Any CPU.Build.0 = Debug|Any CPU
		{6ED173AD-E8B2-47F2-A191-73EFA95D37DD}.Debug|ARM.ActiveCfg = Debug|Any CPU
		{6ED173AD-E8B2-47F2-A191-73EFA95D37DD}.Debug|ARM.Build.0 = Debug|Any CPU
		{6ED173AD-E8B2-47F2-A191-73EFA95D37DD}.Debug|ARM64.ActiveCfg = Debug|Any CPU
		{6ED173AD-E8B2-47F2-A191-73EFA95D37DD}.Debug|ARM64.Build.0 = Debug|Any CPU
		{6ED173AD-E8B2-47F2-A191-73EFA95D37DD}.Debug|x64.ActiveCfg = Debug|Any CPU
		{6ED173AD-E8B2-47F2-A191-73EFA95D37DD}.Debug|x64.Build.0 = Debug|Any CPU
		{6ED173AD-E8B2-47F2-A191-73EFA95D37DD}.Debug|x86.ActiveCfg = Debug|Any CPU
		{6ED173AD-E8B2-47F2-A191-73EFA95D37DD}.Debug|x86.Build.0 = Debug|Any CPU
		{6ED173AD-E8B2-47F2-A191-73EFA95D37DD}.Release|Any CPU.ActiveCfg = Release|Any CPU
		{6ED173AD-E8B2-47F2-A191-73EFA95D37DD}.Release|Any CPU.Build.0 = Release|Any CPU
		{6ED173AD-E8B2-47F2-A191-73EFA95D37DD}.Release|ARM.ActiveCfg = Release|Any CPU
		{6ED173AD-E8B2-47F2-A191-73EFA95D37DD}.Release|ARM.Build.0 = Release|Any CPU
		{6ED173AD-E8B2-47F2-A191-73EFA95D37DD}.Release|ARM64.ActiveCfg = Release|Any CPU
		{6ED173AD-E8B2-47F2-A191-73EFA95D37DD}.Release|ARM64.Build.0 = Release|Any CPU
		{6ED173AD-E8B2-47F2-A191-73EFA95D37DD}.Release|x64.ActiveCfg = Release|Any CPU
		{6ED173AD-E8B2-47F2-A191-73EFA95D37DD}.Release|x64.Build.0 = Release|Any CPU
		{6ED173AD-E8B2-47F2-A191-73EFA95D37DD}.Release|x86.ActiveCfg = Release|Any CPU
		{6ED173AD-E8B2-47F2-A191-73EFA95D37DD}.Release|x86.Build.0 = Release|Any CPU
		{D623127A-B19E-4518-A9C5-8107C0964212}.Debug|Any CPU.ActiveCfg = Debug|Any CPU
		{D623127A-B19E-4518-A9C5-8107C0964212}.Debug|Any CPU.Build.0 = Debug|Any CPU
		{D623127A-B19E-4518-A9C5-8107C0964212}.Debug|ARM.ActiveCfg = Debug|Any CPU
		{D623127A-B19E-4518-A9C5-8107C0964212}.Debug|ARM.Build.0 = Debug|Any CPU
		{D623127A-B19E-4518-A9C5-8107C0964212}.Debug|ARM64.ActiveCfg = Debug|Any CPU
		{D623127A-B19E-4518-A9C5-8107C0964212}.Debug|ARM64.Build.0 = Debug|Any CPU
		{D623127A-B19E-4518-A9C5-8107C0964212}.Debug|x64.ActiveCfg = Debug|Any CPU
		{D623127A-B19E-4518-A9C5-8107C0964212}.Debug|x64.Build.0 = Debug|Any CPU
		{D623127A-B19E-4518-A9C5-8107C0964212}.Debug|x86.ActiveCfg = Debug|Any CPU
		{D623127A-B19E-4518-A9C5-8107C0964212}.Debug|x86.Build.0 = Debug|Any CPU
		{D623127A-B19E-4518-A9C5-8107C0964212}.Release|Any CPU.ActiveCfg = Release|Any CPU
		{D623127A-B19E-4518-A9C5-8107C0964212}.Release|Any CPU.Build.0 = Release|Any CPU
		{D623127A-B19E-4518-A9C5-8107C0964212}.Release|ARM.ActiveCfg = Release|Any CPU
		{D623127A-B19E-4518-A9C5-8107C0964212}.Release|ARM.Build.0 = Release|Any CPU
		{D623127A-B19E-4518-A9C5-8107C0964212}.Release|ARM64.ActiveCfg = Release|Any CPU
		{D623127A-B19E-4518-A9C5-8107C0964212}.Release|ARM64.Build.0 = Release|Any CPU
		{D623127A-B19E-4518-A9C5-8107C0964212}.Release|x64.ActiveCfg = Release|Any CPU
		{D623127A-B19E-4518-A9C5-8107C0964212}.Release|x64.Build.0 = Release|Any CPU
		{D623127A-B19E-4518-A9C5-8107C0964212}.Release|x86.ActiveCfg = Release|Any CPU
		{D623127A-B19E-4518-A9C5-8107C0964212}.Release|x86.Build.0 = Release|Any CPU
		{7B7ABBD7-5D5D-4DA6-A5AB-7DE9A747347C}.Debug|Any CPU.ActiveCfg = Debug|Any CPU
		{7B7ABBD7-5D5D-4DA6-A5AB-7DE9A747347C}.Debug|Any CPU.Build.0 = Debug|Any CPU
		{7B7ABBD7-5D5D-4DA6-A5AB-7DE9A747347C}.Debug|ARM.ActiveCfg = Debug|Any CPU
		{7B7ABBD7-5D5D-4DA6-A5AB-7DE9A747347C}.Debug|ARM.Build.0 = Debug|Any CPU
		{7B7ABBD7-5D5D-4DA6-A5AB-7DE9A747347C}.Debug|ARM64.ActiveCfg = Debug|Any CPU
		{7B7ABBD7-5D5D-4DA6-A5AB-7DE9A747347C}.Debug|ARM64.Build.0 = Debug|Any CPU
		{7B7ABBD7-5D5D-4DA6-A5AB-7DE9A747347C}.Debug|x64.ActiveCfg = Debug|Any CPU
		{7B7ABBD7-5D5D-4DA6-A5AB-7DE9A747347C}.Debug|x64.Build.0 = Debug|Any CPU
		{7B7ABBD7-5D5D-4DA6-A5AB-7DE9A747347C}.Debug|x86.ActiveCfg = Debug|Any CPU
		{7B7ABBD7-5D5D-4DA6-A5AB-7DE9A747347C}.Debug|x86.Build.0 = Debug|Any CPU
		{7B7ABBD7-5D5D-4DA6-A5AB-7DE9A747347C}.Release|Any CPU.ActiveCfg = Release|Any CPU
		{7B7ABBD7-5D5D-4DA6-A5AB-7DE9A747347C}.Release|Any CPU.Build.0 = Release|Any CPU
		{7B7ABBD7-5D5D-4DA6-A5AB-7DE9A747347C}.Release|ARM.ActiveCfg = Release|Any CPU
		{7B7ABBD7-5D5D-4DA6-A5AB-7DE9A747347C}.Release|ARM.Build.0 = Release|Any CPU
		{7B7ABBD7-5D5D-4DA6-A5AB-7DE9A747347C}.Release|ARM64.ActiveCfg = Release|Any CPU
		{7B7ABBD7-5D5D-4DA6-A5AB-7DE9A747347C}.Release|ARM64.Build.0 = Release|Any CPU
		{7B7ABBD7-5D5D-4DA6-A5AB-7DE9A747347C}.Release|x64.ActiveCfg = Release|Any CPU
		{7B7ABBD7-5D5D-4DA6-A5AB-7DE9A747347C}.Release|x64.Build.0 = Release|Any CPU
		{7B7ABBD7-5D5D-4DA6-A5AB-7DE9A747347C}.Release|x86.ActiveCfg = Release|Any CPU
		{7B7ABBD7-5D5D-4DA6-A5AB-7DE9A747347C}.Release|x86.Build.0 = Release|Any CPU
	EndGlobalSection
	GlobalSection(SolutionProperties) = preSolution
		HideSolutionNode = FALSE
	EndGlobalSection
	GlobalSection(NestedProjects) = preSolution
		{CF1A54C0-E950-44DE-9D27-128CA921D2FB} = {2346DB4A-79A1-478A-B151-B279B4113B68}
		{76D82446-32FB-445E-AF07-9FAFACE490E6} = {2346DB4A-79A1-478A-B151-B279B4113B68}
		{EE4D71D0-26B4-494A-A3A4-6850B32A4303} = {1BAA5C20-00CE-470C-8BBE-BC312BD4FD9B}
		{6ED173AD-E8B2-47F2-A191-73EFA95D37DD} = {04CA6763-6BB4-4445-8B3B-18A45976E6E0}
		{D623127A-B19E-4518-A9C5-8107C0964212} = {F1ED1847-A38D-4BA0-958F-A774415BAC79}
		{7B7ABBD7-5D5D-4DA6-A5AB-7DE9A747347C} = {2346DB4A-79A1-478A-B151-B279B4113B68}
	EndGlobalSection
	GlobalSection(ExtensibilityGlobals) = postSolution
		SolutionGuid = {177A5EF2-56EA-4E64-A83E-75FAA5A6DCED}
	EndGlobalSection
EndGlobal
