
Microsoft Visual Studio Solution File, Format Version 12.00
# Visual Studio Version 17
VisualStudioVersion = 17.3.32922.545
MinimumVisualStudioVersion = 10.0.40219.1
Project("{9A19103F-16F7-4668-BE54-9A1E7A4F7556}") = "dotNetClassGeneration", "dotNetClassGeneration\dotNetClassGeneration.csproj", "{8304FA1A-3CD7-4A12-BF28-FD612388374A}"
EndProject
Project("{9A19103F-16F7-4668-BE54-9A1E7A4F7556}") = "CVESearch", "CVESearch\CVESearch.csproj", "{58D1F74D-0DE6-49F9-BCF0-06EF4038AFAD}"
EndProject
Project("{FAE04EC0-301F-11D3-BF4B-00C04F79EFBC}") = "Cve.DomainModels", "Cve.DomainModels\Cve.DomainModels.csproj", "{D2250941-642A-4990-8CDF-F15130B6B994}"
EndProject
Project("{FAE04EC0-301F-11D3-BF4B-00C04F79EFBC}") = "Cve.Infrastructure", "Cve.Infrastructure\Cve.Infrastructure.csproj", "{9F857672-51A8-4F07-8BC6-D74075C7041A}"
EndProject
Project("{FAE04EC0-301F-11D3-BF4B-00C04F79EFBC}") = "Cve.Demo", "Cve.Demo\Cve.Demo.csproj", "{DDC582EF-F58A-4721-9082-C0A51762A247}"
EndProject
Project("{FAE04EC0-301F-11D3-BF4B-00C04F79EFBC}") = "Cve.Application", "Cve.Application\Cve.Application.csproj", "{93129740-54FC-4572-928D-C4E130CDC798}"
EndProject
Global
	GlobalSection(SolutionConfigurationPlatforms) = preSolution
		Debug|Any CPU = Debug|Any CPU
		Debug|ARM = Debug|ARM
		Debug|ARM64 = Debug|ARM64
		Debug|x64 = Debug|x64
		Debug|x86 = Debug|x86
		Release|Any CPU = Release|Any CPU
		Release|ARM = Release|ARM
		Release|ARM64 = Release|ARM64
		Release|x64 = Release|x64
		Release|x86 = Release|x86
	EndGlobalSection
	GlobalSection(ProjectConfigurationPlatforms) = postSolution
		{8304FA1A-3CD7-4A12-BF28-FD612388374A}.Debug|Any CPU.ActiveCfg = Debug|Any CPU
		{8304FA1A-3CD7-4A12-BF28-FD612388374A}.Debug|Any CPU.Build.0 = Debug|Any CPU
		{8304FA1A-3CD7-4A12-BF28-FD612388374A}.Debug|ARM.ActiveCfg = Debug|Any CPU
		{8304FA1A-3CD7-4A12-BF28-FD612388374A}.Debug|ARM.Build.0 = Debug|Any CPU
		{8304FA1A-3CD7-4A12-BF28-FD612388374A}.Debug|ARM64.ActiveCfg = Debug|Any CPU
		{8304FA1A-3CD7-4A12-BF28-FD612388374A}.Debug|ARM64.Build.0 = Debug|Any CPU
		{8304FA1A-3CD7-4A12-BF28-FD612388374A}.Debug|x64.ActiveCfg = Debug|Any CPU
		{8304FA1A-3CD7-4A12-BF28-FD612388374A}.Debug|x64.Build.0 = Debug|Any CPU
		{8304FA1A-3CD7-4A12-BF28-FD612388374A}.Debug|x86.ActiveCfg = Debug|Any CPU
		{8304FA1A-3CD7-4A12-BF28-FD612388374A}.Debug|x86.Build.0 = Debug|Any CPU
		{8304FA1A-3CD7-4A12-BF28-FD612388374A}.Release|Any CPU.ActiveCfg = Release|Any CPU
		{8304FA1A-3CD7-4A12-BF28-FD612388374A}.Release|Any CPU.Build.0 = Release|Any CPU
		{8304FA1A-3CD7-4A12-BF28-FD612388374A}.Release|ARM.ActiveCfg = Release|Any CPU
		{8304FA1A-3CD7-4A12-BF28-FD612388374A}.Release|ARM.Build.0 = Release|Any CPU
		{8304FA1A-3CD7-4A12-BF28-FD612388374A}.Release|ARM64.ActiveCfg = Release|Any CPU
		{8304FA1A-3CD7-4A12-BF28-FD612388374A}.Release|ARM64.Build.0 = Release|Any CPU
		{8304FA1A-3CD7-4A12-BF28-FD612388374A}.Release|x64.ActiveCfg = Release|Any CPU
		{8304FA1A-3CD7-4A12-BF28-FD612388374A}.Release|x64.Build.0 = Release|Any CPU
		{8304FA1A-3CD7-4A12-BF28-FD612388374A}.Release|x86.ActiveCfg = Release|Any CPU
		{8304FA1A-3CD7-4A12-BF28-FD612388374A}.Release|x86.Build.0 = Release|Any CPU
		{58D1F74D-0DE6-49F9-BCF0-06EF4038AFAD}.Debug|Any CPU.ActiveCfg = Debug|Any CPU
		{58D1F74D-0DE6-49F9-BCF0-06EF4038AFAD}.Debug|Any CPU.Build.0 = Debug|Any CPU
		{58D1F74D-0DE6-49F9-BCF0-06EF4038AFAD}.Debug|ARM.ActiveCfg = Debug|Any CPU
		{58D1F74D-0DE6-49F9-BCF0-06EF4038AFAD}.Debug|ARM.Build.0 = Debug|Any CPU
		{58D1F74D-0DE6-49F9-BCF0-06EF4038AFAD}.Debug|ARM64.ActiveCfg = Debug|Any CPU
		{58D1F74D-0DE6-49F9-BCF0-06EF4038AFAD}.Debug|ARM64.Build.0 = Debug|Any CPU
		{58D1F74D-0DE6-49F9-BCF0-06EF4038AFAD}.Debug|x64.ActiveCfg = Debug|Any CPU
		{58D1F74D-0DE6-49F9-BCF0-06EF4038AFAD}.Debug|x64.Build.0 = Debug|Any CPU
		{58D1F74D-0DE6-49F9-BCF0-06EF4038AFAD}.Debug|x86.ActiveCfg = Debug|Any CPU
		{58D1F74D-0DE6-49F9-BCF0-06EF4038AFAD}.Debug|x86.Build.0 = Debug|Any CPU
		{58D1F74D-0DE6-49F9-BCF0-06EF4038AFAD}.Release|Any CPU.ActiveCfg = Release|Any CPU
		{58D1F74D-0DE6-49F9-BCF0-06EF4038AFAD}.Release|Any CPU.Build.0 = Release|Any CPU
		{58D1F74D-0DE6-49F9-BCF0-06EF4038AFAD}.Release|ARM.ActiveCfg = Release|Any CPU
		{58D1F74D-0DE6-49F9-BCF0-06EF4038AFAD}.Release|ARM.Build.0 = Release|Any CPU
		{58D1F74D-0DE6-49F9-BCF0-06EF4038AFAD}.Release|ARM64.ActiveCfg = Release|Any CPU
		{58D1F74D-0DE6-49F9-BCF0-06EF4038AFAD}.Release|ARM64.Build.0 = Release|Any CPU
		{58D1F74D-0DE6-49F9-BCF0-06EF4038AFAD}.Release|x64.ActiveCfg = Release|Any CPU
		{58D1F74D-0DE6-49F9-BCF0-06EF4038AFAD}.Release|x64.Build.0 = Release|Any CPU
		{58D1F74D-0DE6-49F9-BCF0-06EF4038AFAD}.Release|x86.ActiveCfg = Release|Any CPU
		{58D1F74D-0DE6-49F9-BCF0-06EF4038AFAD}.Release|x86.Build.0 = Release|Any CPU
		{D2250941-642A-4990-8CDF-F15130B6B994}.Debug|Any CPU.ActiveCfg = Debug|Any CPU
		{D2250941-642A-4990-8CDF-F15130B6B994}.Debug|Any CPU.Build.0 = Debug|Any CPU
		{D2250941-642A-4990-8CDF-F15130B6B994}.Debug|ARM.ActiveCfg = Debug|Any CPU
		{D2250941-642A-4990-8CDF-F15130B6B994}.Debug|ARM.Build.0 = Debug|Any CPU
		{D2250941-642A-4990-8CDF-F15130B6B994}.Debug|ARM64.ActiveCfg = Debug|Any CPU
		{D2250941-642A-4990-8CDF-F15130B6B994}.Debug|ARM64.Build.0 = Debug|Any CPU
		{D2250941-642A-4990-8CDF-F15130B6B994}.Debug|x64.ActiveCfg = Debug|Any CPU
		{D2250941-642A-4990-8CDF-F15130B6B994}.Debug|x64.Build.0 = Debug|Any CPU
		{D2250941-642A-4990-8CDF-F15130B6B994}.Debug|x86.ActiveCfg = Debug|Any CPU
		{D2250941-642A-4990-8CDF-F15130B6B994}.Debug|x86.Build.0 = Debug|Any CPU
		{D2250941-642A-4990-8CDF-F15130B6B994}.Release|Any CPU.ActiveCfg = Release|Any CPU
		{D2250941-642A-4990-8CDF-F15130B6B994}.Release|Any CPU.Build.0 = Release|Any CPU
		{D2250941-642A-4990-8CDF-F15130B6B994}.Release|ARM.ActiveCfg = Release|Any CPU
		{D2250941-642A-4990-8CDF-F15130B6B994}.Release|ARM.Build.0 = Release|Any CPU
		{D2250941-642A-4990-8CDF-F15130B6B994}.Release|ARM64.ActiveCfg = Release|Any CPU
		{D2250941-642A-4990-8CDF-F15130B6B994}.Release|ARM64.Build.0 = Release|Any CPU
		{D2250941-642A-4990-8CDF-F15130B6B994}.Release|x64.ActiveCfg = Release|Any CPU
		{D2250941-642A-4990-8CDF-F15130B6B994}.Release|x64.Build.0 = Release|Any CPU
		{D2250941-642A-4990-8CDF-F15130B6B994}.Release|x86.ActiveCfg = Release|Any CPU
		{D2250941-642A-4990-8CDF-F15130B6B994}.Release|x86.Build.0 = Release|Any CPU
		{9F857672-51A8-4F07-8BC6-D74075C7041A}.Debug|Any CPU.ActiveCfg = Debug|Any CPU
		{9F857672-51A8-4F07-8BC6-D74075C7041A}.Debug|Any CPU.Build.0 = Debug|Any CPU
		{9F857672-51A8-4F07-8BC6-D74075C7041A}.Debug|ARM.ActiveCfg = Debug|Any CPU
		{9F857672-51A8-4F07-8BC6-D74075C7041A}.Debug|ARM.Build.0 = Debug|Any CPU
		{9F857672-51A8-4F07-8BC6-D74075C7041A}.Debug|ARM64.ActiveCfg = Debug|Any CPU
		{9F857672-51A8-4F07-8BC6-D74075C7041A}.Debug|ARM64.Build.0 = Debug|Any CPU
		{9F857672-51A8-4F07-8BC6-D74075C7041A}.Debug|x64.ActiveCfg = Debug|Any CPU
		{9F857672-51A8-4F07-8BC6-D74075C7041A}.Debug|x64.Build.0 = Debug|Any CPU
		{9F857672-51A8-4F07-8BC6-D74075C7041A}.Debug|x86.ActiveCfg = Debug|Any CPU
		{9F857672-51A8-4F07-8BC6-D74075C7041A}.Debug|x86.Build.0 = Debug|Any CPU
		{9F857672-51A8-4F07-8BC6-D74075C7041A}.Release|Any CPU.ActiveCfg = Release|Any CPU
		{9F857672-51A8-4F07-8BC6-D74075C7041A}.Release|Any CPU.Build.0 = Release|Any CPU
		{9F857672-51A8-4F07-8BC6-D74075C7041A}.Release|ARM.ActiveCfg = Release|Any CPU
		{9F857672-51A8-4F07-8BC6-D74075C7041A}.Release|ARM.Build.0 = Release|Any CPU
		{9F857672-51A8-4F07-8BC6-D74075C7041A}.Release|ARM64.ActiveCfg = Release|Any CPU
		{9F857672-51A8-4F07-8BC6-D74075C7041A}.Release|ARM64.Build.0 = Release|Any CPU
		{9F857672-51A8-4F07-8BC6-D74075C7041A}.Release|x64.ActiveCfg = Release|Any CPU
		{9F857672-51A8-4F07-8BC6-D74075C7041A}.Release|x64.Build.0 = Release|Any CPU
		{9F857672-51A8-4F07-8BC6-D74075C7041A}.Release|x86.ActiveCfg = Release|Any CPU
		{9F857672-51A8-4F07-8BC6-D74075C7041A}.Release|x86.Build.0 = Release|Any CPU
		{DDC582EF-F58A-4721-9082-C0A51762A247}.Debug|Any CPU.ActiveCfg = Debug|Any CPU
		{DDC582EF-F58A-4721-9082-C0A51762A247}.Debug|Any CPU.Build.0 = Debug|Any CPU
		{DDC582EF-F58A-4721-9082-C0A51762A247}.Debug|ARM.ActiveCfg = Debug|Any CPU
		{DDC582EF-F58A-4721-9082-C0A51762A247}.Debug|ARM.Build.0 = Debug|Any CPU
		{DDC582EF-F58A-4721-9082-C0A51762A247}.Debug|ARM64.ActiveCfg = Debug|Any CPU
		{DDC582EF-F58A-4721-9082-C0A51762A247}.Debug|ARM64.Build.0 = Debug|Any CPU
		{DDC582EF-F58A-4721-9082-C0A51762A247}.Debug|x64.ActiveCfg = Debug|Any CPU
		{DDC582EF-F58A-4721-9082-C0A51762A247}.Debug|x64.Build.0 = Debug|Any CPU
		{DDC582EF-F58A-4721-9082-C0A51762A247}.Debug|x86.ActiveCfg = Debug|Any CPU
		{DDC582EF-F58A-4721-9082-C0A51762A247}.Debug|x86.Build.0 = Debug|Any CPU
		{DDC582EF-F58A-4721-9082-C0A51762A247}.Release|Any CPU.ActiveCfg = Release|Any CPU
		{DDC582EF-F58A-4721-9082-C0A51762A247}.Release|Any CPU.Build.0 = Release|Any CPU
		{DDC582EF-F58A-4721-9082-C0A51762A247}.Release|ARM.ActiveCfg = Release|Any CPU
		{DDC582EF-F58A-4721-9082-C0A51762A247}.Release|ARM.Build.0 = Release|Any CPU
		{DDC582EF-F58A-4721-9082-C0A51762A247}.Release|ARM64.ActiveCfg = Release|Any CPU
		{DDC582EF-F58A-4721-9082-C0A51762A247}.Release|ARM64.Build.0 = Release|Any CPU
		{DDC582EF-F58A-4721-9082-C0A51762A247}.Release|x64.ActiveCfg = Release|Any CPU
		{DDC582EF-F58A-4721-9082-C0A51762A247}.Release|x64.Build.0 = Release|Any CPU
		{DDC582EF-F58A-4721-9082-C0A51762A247}.Release|x86.ActiveCfg = Release|Any CPU
		{DDC582EF-F58A-4721-9082-C0A51762A247}.Release|x86.Build.0 = Release|Any CPU
		{93129740-54FC-4572-928D-C4E130CDC798}.Debug|Any CPU.ActiveCfg = Debug|Any CPU
		{93129740-54FC-4572-928D-C4E130CDC798}.Debug|Any CPU.Build.0 = Debug|Any CPU
		{93129740-54FC-4572-928D-C4E130CDC798}.Debug|ARM.ActiveCfg = Debug|Any CPU
		{93129740-54FC-4572-928D-C4E130CDC798}.Debug|ARM.Build.0 = Debug|Any CPU
		{93129740-54FC-4572-928D-C4E130CDC798}.Debug|ARM64.ActiveCfg = Debug|Any CPU
		{93129740-54FC-4572-928D-C4E130CDC798}.Debug|ARM64.Build.0 = Debug|Any CPU
		{93129740-54FC-4572-928D-C4E130CDC798}.Debug|x64.ActiveCfg = Debug|Any CPU
		{93129740-54FC-4572-928D-C4E130CDC798}.Debug|x64.Build.0 = Debug|Any CPU
		{93129740-54FC-4572-928D-C4E130CDC798}.Debug|x86.ActiveCfg = Debug|Any CPU
		{93129740-54FC-4572-928D-C4E130CDC798}.Debug|x86.Build.0 = Debug|Any CPU
		{93129740-54FC-4572-928D-C4E130CDC798}.Release|Any CPU.ActiveCfg = Release|Any CPU
		{93129740-54FC-4572-928D-C4E130CDC798}.Release|Any CPU.Build.0 = Release|Any CPU
		{93129740-54FC-4572-928D-C4E130CDC798}.Release|ARM.ActiveCfg = Release|Any CPU
		{93129740-54FC-4572-928D-C4E130CDC798}.Release|ARM.Build.0 = Release|Any CPU
		{93129740-54FC-4572-928D-C4E130CDC798}.Release|ARM64.ActiveCfg = Release|Any CPU
		{93129740-54FC-4572-928D-C4E130CDC798}.Release|ARM64.Build.0 = Release|Any CPU
		{93129740-54FC-4572-928D-C4E130CDC798}.Release|x64.ActiveCfg = Release|Any CPU
		{93129740-54FC-4572-928D-C4E130CDC798}.Release|x64.Build.0 = Release|Any CPU
		{93129740-54FC-4572-928D-C4E130CDC798}.Release|x86.ActiveCfg = Release|Any CPU
		{93129740-54FC-4572-928D-C4E130CDC798}.Release|x86.Build.0 = Release|Any CPU
	EndGlobalSection
	GlobalSection(SolutionProperties) = preSolution
		HideSolutionNode = FALSE
	EndGlobalSection
	GlobalSection(ExtensibilityGlobals) = postSolution
		SolutionGuid = {177A5EF2-56EA-4E64-A83E-75FAA5A6DCED}
	EndGlobalSection
EndGlobal
